
Microsoft Visual Studio Solution File, Format Version 12.00
# Visual Studio Version 16
VisualStudioVersion = 16.0.31112.23
MinimumVisualStudioVersion = 10.0.40219.1
Project("{FAE04EC0-301F-11D3-BF4B-00C04F79EFBC}") = "myCSharpApp", "myCSharpApp.csproj", "{09748EB3-C01C-40EE-B811-ECEA95CE9873}"
EndProject
Global
	GlobalSection(SolutionConfigurationPlatforms) = preSolution
		Debug|Any CPU = Debug|Any CPU
		Release|Any CPU = Release|Any CPU
	EndGlobalSection
	GlobalSection(ProjectConfigurationPlatforms) = postSolution
		{09748EB3-C01C-40EE-B811-ECEA95CE9873}.Debug|Any CPU.ActiveCfg = Debug|Any CPU
		{09748EB3-C01C-40EE-B811-ECEA95CE9873}.Debug|Any CPU.Build.0 = Debug|Any CPU
		{09748EB3-C01C-40EE-B811-ECEA95CE9873}.Release|Any CPU.ActiveCfg = Release|Any CPU
		{09748EB3-C01C-40EE-B811-ECEA95CE9873}.Release|Any CPU.Build.0 = Release|Any CPU
	EndGlobalSection
	GlobalSection(SolutionProperties) = preSolution
		HideSolutionNode = FALSE
	EndGlobalSection
	GlobalSection(ExtensibilityGlobals) = postSolution
		SolutionGuid = {EA6D7A66-AA7E-428B-9F8B-AA07DBF69CE9}
	EndGlobalSection
EndGlobal
